# THIS IS AN AUTOGENERATED FILE. DO NOT EDIT THIS FILE DIRECTLY.
# yarn lockfile v1


"@graphql-tools/batch-delegate@8.1.0":
  version "8.1.0"
  resolved "https://registry.yarnpkg.com/@graphql-tools/batch-delegate/-/batch-delegate-8.1.0.tgz#3214703a43084c6fc8ee6c949ce181fd8cee117a"
  integrity sha512-iebquVJEjfP6QGUiQR5V1xdnB+rJbfIHYHBHQc5X/W6wUD4NlaovjGXTDHiEl/B72TWVRtpuOs4KO0WT+GKO4Q==
  dependencies:
    "@graphql-tools/delegate" "^8.2.0"
    "@graphql-tools/utils" "^8.2.0"
    dataloader "2.0.0"
    tslib "~2.3.0"

"@graphql-tools/batch-execute@^8.1.0":
  version "8.1.0"
  resolved "https://registry.yarnpkg.com/@graphql-tools/batch-execute/-/batch-execute-8.1.0.tgz#fd463bab0e870a662bb00f12d5ce0013b11ae990"
  integrity sha512-PPf8SZto4elBtkaV65RldkjvxCuwYV7tLYKH+w6QnsxogfjrtiwijmewtqIlfnpPRnuhmMzmOlhoDyf0I8EwHw==
  dependencies:
    "@graphql-tools/utils" "^8.2.0"
    dataloader "2.0.0"
    tslib "~2.3.0"
    value-or-promise "1.0.10"

"@graphql-tools/delegate@^8.2.0":
  version "8.2.1"
  resolved "https://registry.yarnpkg.com/@graphql-tools/delegate/-/delegate-8.2.1.tgz#750df27be7641836e0cb654b953581de30f2d1a6"
  integrity sha512-fvQjSrCJCfchSQlLNHPcj1TwojyV1CPtXmwtSEVKvyp9axokuP37WGyliOWUYCepfwpklklLFUeTEiWlCoxv2Q==
  dependencies:
    "@graphql-tools/batch-execute" "^8.1.0"
    "@graphql-tools/schema" "^8.2.0"
    "@graphql-tools/utils" "^8.2.0"
    dataloader "2.0.0"
    tslib "~2.3.0"
    value-or-promise "1.0.10"

"@graphql-tools/merge@^8.1.0", "@graphql-tools/merge@^8.1.1", "@graphql-tools/merge@^8.1.2":
  version "8.1.2"
  resolved "https://registry.yarnpkg.com/@graphql-tools/merge/-/merge-8.1.2.tgz#50f5763927c51de764d09c5bfd20261671976e24"
  integrity sha512-kFLd4kKNJXYXnKIhM8q9zgGAtbLmsy3WmGdDxYq3YHBJUogucAxnivQYyRIseUq37KGmSAIWu3pBQ23TKGsGOw==
  dependencies:
    "@graphql-tools/utils" "^8.2.2"
    tslib "~2.3.0"

"@graphql-tools/schema@^8.2.0":
  version "8.2.0"
  resolved "https://registry.yarnpkg.com/@graphql-tools/schema/-/schema-8.2.0.tgz#ae75cbb2df6cee9ed6d89fce56be467ab23758dc"
  integrity sha512-ufmI5mJQa8NJczzfkh0pUttKvspqDcT5LLakA3jUmOrrE4d4NVj6onZlazdTzF5sAepSNqanFnwhrxZpCAJMKg==
  dependencies:
    "@graphql-tools/merge" "^8.1.0"
    "@graphql-tools/utils" "^8.2.0"
    tslib "~2.3.0"
    value-or-promise "1.0.10"

"@graphql-tools/stitch@^8.3.1":
  version "8.3.1"
  resolved "https://registry.yarnpkg.com/@graphql-tools/stitch/-/stitch-8.3.1.tgz#8e4dfeb720585f478cc81f810c48d23531c85ae8"
  integrity sha512-qSULit2caRVTJcUPuHNWiRbfuD18Q3m2Txt4MFGNRUAukqVs6q2vHwNpGxvnGAyTZ8FR+FiGujmIqKMsf5bqhw==
  dependencies:
    "@graphql-tools/batch-delegate" "8.1.0"
    "@graphql-tools/delegate" "^8.2.0"
    "@graphql-tools/merge" "^8.1.1"
    "@graphql-tools/schema" "^8.2.0"
    "@graphql-tools/utils" "^8.2.2"
    "@graphql-tools/wrap" "^8.1.0"
    tslib "~2.3.0"

"@graphql-tools/utils@^8.2.0", "@graphql-tools/utils@^8.2.2":
  version "8.2.2"
  resolved "https://registry.yarnpkg.com/@graphql-tools/utils/-/utils-8.2.2.tgz#d29420bf1003d2876cb30f373145be432c7f7c4b"
  integrity sha512-29FFY5U4lpXuBiW9dRvuWnBVwGhWbGLa2leZcAMU/Pz47Cr/QLZGVgpLBV9rt+Gbs7wyIJM7t7EuksPs0RDm3g==
  dependencies:
    tslib "~2.3.0"

"@graphql-tools/wrap@^8.1.0":
  version "8.1.0"
  resolved "https://registry.yarnpkg.com/@graphql-tools/wrap/-/wrap-8.1.0.tgz#2e618c78de910725130e5231666ca69a75f6cf99"
  integrity sha512-WLT/bFewOIY8KJMzgOJSM/02fXJSFktFvI+JRu39wDH+hwFy1y7pFC0Bs1TP8B/hAEJ+t9+7JspX0LQWAUFjDg==
  dependencies:
    "@graphql-tools/delegate" "^8.2.0"
    "@graphql-tools/schema" "^8.2.0"
    "@graphql-tools/utils" "^8.2.0"
    tslib "~2.3.0"
    value-or-promise "1.0.10"

accepts@^1.3.7:
  version "1.3.7"
  resolved "https://registry.yarnpkg.com/accepts/-/accepts-1.3.7.tgz#531bc726517a3b2b41f850021c6cc15eaab507cd"
  integrity sha512-Il80Qs2WjYlJIBNzNkK6KYqlVMTbZLXgHx2oT0pU/fjRHyEp+PEfEPY0R3WCwAGVOtauxh1hOxNgIf5bv7dQpA==
  dependencies:
    mime-types "~2.1.24"
    negotiator "0.6.2"

bytes@3.1.0:
  version "3.1.0"
  resolved "https://registry.yarnpkg.com/bytes/-/bytes-3.1.0.tgz#f6cf7933a360e0588fa9fde85651cdc7f805d1f6"
  integrity sha512-zauLjrfCG+xvoyaqLoV8bLVXXNGC4JqlxFCutSDWA6fJrTo2ZuvLYTqZ7aHBLZSMOopbzwv8f+wZcVzfVTI2Dg==

content-type@^1.0.4:
  version "1.0.4"
  resolved "https://registry.yarnpkg.com/content-type/-/content-type-1.0.4.tgz#e138cc75e040c727b1966fe5e5f8c9aee256fe3b"
  integrity sha512-hIP3EEPs8tB9AT1L+NUqtwOAps4mk2Zob89MWXMHjHWg9milF/j4osnnQLXBCBFBk/tvIG/tUc9mOUJiPBhPXA==

cors@^2.8.5:
  version "2.8.5"
  resolved "https://registry.yarnpkg.com/cors/-/cors-2.8.5.tgz#eac11da51592dd86b9f06f6e7ac293b3df875d29"
  integrity sha512-KIHbLJqu73RGr/hnbrO9uBeixNGuvSQjul/jdFvS/KFSIH1hWVd1ng7zOHx+YrEfInLG7q4n6GHQ9cDtxv/P6g==
  dependencies:
    object-assign "^4"
    vary "^1"

dataloader@2.0.0:
  version "2.0.0"
  resolved "https://registry.yarnpkg.com/dataloader/-/dataloader-2.0.0.tgz#41eaf123db115987e21ca93c005cd7753c55fe6f"
  integrity sha512-YzhyDAwA4TaQIhM5go+vCLmU0UikghC/t9DTQYZR2M/UvZ1MdOhPezSDZcjj9uqQJOMqjLcpWtyW2iNINdlatQ==

depd@~1.1.2:
  version "1.1.2"
  resolved "https://registry.yarnpkg.com/depd/-/depd-1.1.2.tgz#9bcd52e14c097763e749b274c4346ed2e560b5a9"
  integrity sha1-m81S4UwJd2PnSbJ0xDRu0uVgtak=

express-graphql@^0.12.0:
  version "0.12.0"
  resolved "https://registry.yarnpkg.com/express-graphql/-/express-graphql-0.12.0.tgz#58deabc309909ca2c9fe2f83f5fbe94429aa23df"
  integrity sha512-DwYaJQy0amdy3pgNtiTDuGGM2BLdj+YO2SgbKoLliCfuHv3VVTt7vNG/ZqK2hRYjtYHE2t2KB705EU94mE64zg==
  dependencies:
    accepts "^1.3.7"
    content-type "^1.0.4"
    http-errors "1.8.0"
    raw-body "^2.4.1"

graphql-merge-resolvers@^1.1.16:
  version "1.1.16"
  resolved "https://registry.yarnpkg.com/graphql-merge-resolvers/-/graphql-merge-resolvers-1.1.16.tgz#3247fa085fb1826ed43234e17e08b8e53a24c051"
  integrity sha512-8173WP78XYkeZ3PsAHzFIySNeRZhcvvXUelBLJ15bp81ia0tlEWdFbnhrt6YWp4W58qFlUDkcTeqSuB9ULSSNg==

graphql-tag@^2.12.5:
  version "2.12.5"
  resolved "https://registry.yarnpkg.com/graphql-tag/-/graphql-tag-2.12.5.tgz#5cff974a67b417747d05c8d9f5f3cb4495d0db8f"
  integrity sha512-5xNhP4063d16Pz3HBtKprutsPrmHZi5IdUGOWRxA2B6VF7BIRGOHZ5WQvDmJXZuPcBg7rYwaFxvQYjqkSdR3TQ==
  dependencies:
    tslib "^2.1.0"

graphql@^15.5.3:
  version "15.5.3"
  resolved "https://registry.yarnpkg.com/graphql/-/graphql-15.5.3.tgz#c72349017d5c9f5446a897fe6908b3186db1da00"
  integrity sha512-sM+jXaO5KinTui6lbK/7b7H/Knj9BpjGxZ+Ki35v7YbUJxxdBCUqNM0h3CRVU1ZF9t5lNiBzvBCSYPvIwxPOQA==

http-errors@1.7.3:
  version "1.7.3"
  resolved "https://registry.yarnpkg.com/http-errors/-/http-errors-1.7.3.tgz#6c619e4f9c60308c38519498c14fbb10aacebb06"
  integrity sha512-ZTTX0MWrsQ2ZAhA1cejAwDLycFsd7I7nVtnkT3Ol0aqodaKW+0CTZDQ1uBv5whptCnc8e8HeRRJxRs0kmm/Qfw==
  dependencies:
    depd "~1.1.2"
    inherits "2.0.4"
    setprototypeof "1.1.1"
    statuses ">= 1.5.0 < 2"
    toidentifier "1.0.0"

http-errors@1.8.0:
  version "1.8.0"
  resolved "https://registry.yarnpkg.com/http-errors/-/http-errors-1.8.0.tgz#75d1bbe497e1044f51e4ee9e704a62f28d336507"
  integrity sha512-4I8r0C5JDhT5VkvI47QktDW75rNlGVsUf/8hzjCC/wkWI/jdTRmBb9aI7erSG82r1bjKY3F6k28WnsVxB1C73A==
  dependencies:
    depd "~1.1.2"
    inherits "2.0.4"
    setprototypeof "1.2.0"
    statuses ">= 1.5.0 < 2"
    toidentifier "1.0.0"

iconv-lite@0.4.24:
  version "0.4.24"
  resolved "https://registry.yarnpkg.com/iconv-lite/-/iconv-lite-0.4.24.tgz#2022b4b25fbddc21d2f524974a474aafe733908b"
  integrity sha512-v3MXnZAcvnywkTUEZomIActle7RXXeedOR31wwl7VlyoXO4Qi9arvSenNQWne1TcRwhCL1HwLI21bEqdpj8/rA==
  dependencies:
    safer-buffer ">= 2.1.2 < 3"

inherits@2.0.4:
  version "2.0.4"
  resolved "https://registry.yarnpkg.com/inherits/-/inherits-2.0.4.tgz#0fa2c64f932917c3433a0ded55363aae37416b7c"
  integrity sha512-k/vGaX4/Yla3WzyMCvTQOXYeIHvqOKtnqBduzTHpzpQZzAskKMhZ2K+EnBiSM9zGSoIFeMpXKxa4dYeZIQqewQ==

mime-db@1.49.0:
  version "1.49.0"
  resolved "https://registry.yarnpkg.com/mime-db/-/mime-db-1.49.0.tgz#f3dfde60c99e9cf3bc9701d687778f537001cbed"
  integrity sha512-CIc8j9URtOVApSFCQIF+VBkX1RwXp/oMMOrqdyXSBXq5RWNEsRfyj1kiRnQgmNXmHxPoFIxOroKA3zcU9P+nAA==

mime-types@~2.1.24:
  version "2.1.32"
  resolved "https://registry.yarnpkg.com/mime-types/-/mime-types-2.1.32.tgz#1d00e89e7de7fe02008db61001d9e02852670fd5"
  integrity sha512-hJGaVS4G4c9TSMYh2n6SQAGrC4RnfU+daP8G7cSCmaqNjiOoUY0VHCMS42pxnQmVF1GWwFhbHWn3RIxCqTmZ9A==
  dependencies:
    mime-db "1.49.0"

negotiator@0.6.2:
  version "0.6.2"
  resolved "https://registry.yarnpkg.com/negotiator/-/negotiator-0.6.2.tgz#feacf7ccf525a77ae9634436a64883ffeca346fb"
  integrity sha512-hZXc7K2e+PgeI1eDBe/10Ard4ekbfrrqG8Ep+8Jmf4JID2bNg7NvCPOZN+kfF574pFQI7mum2AUqDidoKqcTOw==

object-assign@^4:
  version "4.1.1"
  resolved "https://registry.yarnpkg.com/object-assign/-/object-assign-4.1.1.tgz#2109adc7965887cfc05cbbd442cac8bfbb360863"
  integrity sha1-IQmtx5ZYh8/AXLvUQsrIv7s2CGM=

raw-body@^2.4.1:
  version "2.4.1"
  resolved "https://registry.yarnpkg.com/raw-body/-/raw-body-2.4.1.tgz#30ac82f98bb5ae8c152e67149dac8d55153b168c"
  integrity sha512-9WmIKF6mkvA0SLmA2Knm9+qj89e+j1zqgyn8aXGd7+nAduPoqgI9lO57SAZNn/Byzo5P7JhXTyg9PzaJbH73bA==
  dependencies:
    bytes "3.1.0"
    http-errors "1.7.3"
    iconv-lite "0.4.24"
    unpipe "1.0.0"

"safer-buffer@>= 2.1.2 < 3":
  version "2.1.2"
  resolved "https://registry.yarnpkg.com/safer-buffer/-/safer-buffer-2.1.2.tgz#44fa161b0187b9549dd84bb91802f9bd8385cd6a"
  integrity sha512-YZo3K82SD7Riyi0E1EQPojLz7kpepnSQI9IyPbHHg1XXXevb5dJI7tpyN2ADxGcQbHG7vcyRHk0cbwqcQriUtg==

setprototypeof@1.1.1:
  version "1.1.1"
  resolved "https://registry.yarnpkg.com/setprototypeof/-/setprototypeof-1.1.1.tgz#7e95acb24aa92f5885e0abef5ba131330d4ae683"
  integrity sha512-JvdAWfbXeIGaZ9cILp38HntZSFSo3mWg6xGcJJsd+d4aRMOqauag1C63dJfDw7OaMYwEbHMOxEZ1lqVRYP2OAw==

setprototypeof@1.2.0:
  version "1.2.0"
  resolved "https://registry.yarnpkg.com/setprototypeof/-/setprototypeof-1.2.0.tgz#66c9a24a73f9fc28cbe66b09fed3d33dcaf1b424"
  integrity sha512-E5LDX7Wrp85Kil5bhZv46j8jOeboKq5JMmYM3gVGdGH8xFpPWXUMsNrlODCrkoxMEeNi/XZIwuRvY4XNwYMJpw==

"statuses@>= 1.5.0 < 2":
  version "1.5.0"
  resolved "https://registry.yarnpkg.com/statuses/-/statuses-1.5.0.tgz#161c7dac177659fd9811f43771fa99381478628c"
  integrity sha1-Fhx9rBd2Wf2YEfQ3cfqZOBR4Yow=

toidentifier@1.0.0:
  version "1.0.0"
  resolved "https://registry.yarnpkg.com/toidentifier/-/toidentifier-1.0.0.tgz#7e1be3470f1e77948bc43d94a3c8f4d7752ba553"
  integrity sha512-yaOH/Pk/VEhBWWTlhI+qXxDFXlejDGcQipMlyxda9nthulaxLZUNcUqFxokp0vcYnvteJln5FNQDRrxj3YcbVw==

tslib@^2.1.0, tslib@~2.3.0:
  version "2.3.1"
  resolved "https://registry.yarnpkg.com/tslib/-/tslib-2.3.1.tgz#e8a335add5ceae51aa261d32a490158ef042ef01"
  integrity sha512-77EbyPPpMz+FRFRuAFlWMtmgUWGe9UOG2Z25NqCwiIjRhOf5iKGuzSe5P2w1laq+FkRy4p+PCuVkJSGkzTEKVw==

unpipe@1.0.0:
  version "1.0.0"
  resolved "https://registry.yarnpkg.com/unpipe/-/unpipe-1.0.0.tgz#b2bf4ee8514aae6165b4817829d21b2ef49904ec"
  integrity sha1-sr9O6FFKrmFltIF4KdIbLvSZBOw=

value-or-promise@1.0.10:
  version "1.0.10"
  resolved "https://registry.yarnpkg.com/value-or-promise/-/value-or-promise-1.0.10.tgz#5bf041f1e9a8e7043911875547636768a836e446"
  integrity sha512-1OwTzvcfXkAfabk60UVr5NdjtjJ0Fg0T5+B1bhxtrOEwSH2fe8y4DnLgoksfCyd8yZCOQQHB0qLMQnwgCjbXLQ==

vary@^1:
  version "1.1.2"
  resolved "https://registry.yarnpkg.com/vary/-/vary-1.1.2.tgz#2299f02c6ded30d4a5961b0b9f74524a18f634fc"
  integrity sha1-IpnwLG3tMNSllhsLn3RSShj2NPw=
